// !$*UTF8*$!
{
	archiveVersion = 1;
	classes = {
	};
	objectVersion = 56;
	objects = {

/* Begin PBXBuildFile section */
		501FCBF62CFCCF8700C4BD2E /* AppDelegate.swift in Sources */ = {isa = PBXBuildFile; fileRef = 501FCBF52CFCCF8700C4BD2E /* AppDelegate.swift */; };
		501FCBF82CFCCF8700C4BD2E /* SceneDelegate.swift in Sources */ = {isa = PBXBuildFile; fileRef = 501FCBF72CFCCF8700C4BD2E /* SceneDelegate.swift */; };
		501FCBFA2CFCCF8700C4BD2E /* RepositoryEditingViewController.swift in Sources */ = {isa = PBXBuildFile; fileRef = 501FCBF92CFCCF8700C4BD2E /* RepositoryEditingViewController.swift */; };
		501FCBFF2CFCCF8A00C4BD2E /* Assets.xcassets in Resources */ = {isa = PBXBuildFile; fileRef = 501FCBFE2CFCCF8A00C4BD2E /* Assets.xcassets */; };
		501FCC022CFCCF8A00C4BD2E /* Base in Resources */ = {isa = PBXBuildFile; fileRef = 501FCC012CFCCF8A00C4BD2E /* Base */; };
		501FCC0D2CFCCF8A00C4BD2E /* VkContestTests.swift in Sources */ = {isa = PBXBuildFile; fileRef = 501FCC0C2CFCCF8A00C4BD2E /* VkContestTests.swift */; };
		501FCC2D2CFCD7CD00C4BD2E /* UITableView+Ext.swift in Sources */ = {isa = PBXBuildFile; fileRef = 501FCC2C2CFCD7CD00C4BD2E /* UITableView+Ext.swift */; };
		501FCC2F2CFCD8BE00C4BD2E /* RepositoriesListCell.swift in Sources */ = {isa = PBXBuildFile; fileRef = 501FCC2E2CFCD8BE00C4BD2E /* RepositoriesListCell.swift */; };
		501FCC312CFCDD0700C4BD2E /* RepositoriesListPresenter.swift in Sources */ = {isa = PBXBuildFile; fileRef = 501FCC302CFCDD0700C4BD2E /* RepositoriesListPresenter.swift */; };
		501FCC332CFCDE0400C4BD2E /* RepositoriesListInteractor.swift in Sources */ = {isa = PBXBuildFile; fileRef = 501FCC322CFCDE0400C4BD2E /* RepositoriesListInteractor.swift */; };
		501FCC362CFCDF5D00C4BD2E /* Kingfisher in Frameworks */ = {isa = PBXBuildFile; productRef = 501FCC352CFCDF5D00C4BD2E /* Kingfisher */; };
		501FCC392CFCE12500C4BD2E /* Alamofire in Frameworks */ = {isa = PBXBuildFile; productRef = 501FCC382CFCE12500C4BD2E /* Alamofire */; };
		501FCC3C2CFCE21A00C4BD2E /* NetworkManager.swift in Sources */ = {isa = PBXBuildFile; fileRef = 501FCC3B2CFCE21A00C4BD2E /* NetworkManager.swift */; };
		501FCC3F2CFCE48D00C4BD2E /* GitHubApi.swift in Sources */ = {isa = PBXBuildFile; fileRef = 501FCC3E2CFCE48D00C4BD2E /* GitHubApi.swift */; };
		501FCC432CFCE68300C4BD2E /* RepositoriesListSort.swift in Sources */ = {isa = PBXBuildFile; fileRef = 501FCC422CFCE68300C4BD2E /* RepositoriesListSort.swift */; };
		501FCC472CFCEB6D00C4BD2E /* ApiRequest.swift in Sources */ = {isa = PBXBuildFile; fileRef = 501FCC462CFCEB6D00C4BD2E /* ApiRequest.swift */; };
		501FCC4C2CFCEC3D00C4BD2E /* RepositoriesListResponse.swift in Sources */ = {isa = PBXBuildFile; fileRef = 501FCC4B2CFCEC3D00C4BD2E /* RepositoriesListResponse.swift */; };
		501FCC4E2CFCEC6300C4BD2E /* RepositoryListItem.swift in Sources */ = {isa = PBXBuildFile; fileRef = 501FCC4D2CFCEC6300C4BD2E /* RepositoryListItem.swift */; };
		501FCC522CFCF50200C4BD2E /* RepositoriesListService.swift in Sources */ = {isa = PBXBuildFile; fileRef = 501FCC512CFCF50200C4BD2E /* RepositoriesListService.swift */; };
		501FCC542CFCF7B400C4BD2E /* RepositoriesListAssembly.swift in Sources */ = {isa = PBXBuildFile; fileRef = 501FCC532CFCF7B400C4BD2E /* RepositoriesListAssembly.swift */; };
		501FCC572CFCFAAC00C4BD2E /* AlamofireNetworkActivityLogger in Frameworks */ = {isa = PBXBuildFile; productRef = 501FCC562CFCFAAC00C4BD2E /* AlamofireNetworkActivityLogger */; };
		50ED5FA92CFF7DD300137B05 /* RepositoriesListStorage.swift in Sources */ = {isa = PBXBuildFile; fileRef = 50ED5FA82CFF7DC400137B05 /* RepositoriesListStorage.swift */; };
		50ED5FAB2CFF7E0C00137B05 /* RepositoriesListPage.swift in Sources */ = {isa = PBXBuildFile; fileRef = 50ED5FAA2CFF7E0C00137B05 /* RepositoriesListPage.swift */; };
		50ED5FB62CFF9E7400137B05 /* RepositoriesListViewController.swift in Sources */ = {isa = PBXBuildFile; fileRef = 50ED5FB02CFF9E7400137B05 /* RepositoriesListViewController.swift */; };
		50ED5FB72CFF9E7400137B05 /* RepositoryEditingAssembly.swift in Sources */ = {isa = PBXBuildFile; fileRef = 50ED5FB32CFF9E7400137B05 /* RepositoryEditingAssembly.swift */; };
		50ED5FB82CFF9E7400137B05 /* RepositoryEditingInteractor.swift in Sources */ = {isa = PBXBuildFile; fileRef = 50ED5FAC2CFF9E7400137B05 /* RepositoryEditingInteractor.swift */; };
		50ED5FB92CFF9E7400137B05 /* RepositoryEditingPresenter.swift in Sources */ = {isa = PBXBuildFile; fileRef = 50ED5FAE2CFF9E7400137B05 /* RepositoryEditingPresenter.swift */; };
		50ED5FBC2CFFA29100137B05 /* TextField.swift in Sources */ = {isa = PBXBuildFile; fileRef = 50ED5FBB2CFFA29100137B05 /* TextField.swift */; };
		50ED5FBF2CFFA8B100137B05 /* RepositoriesListRouter.swift in Sources */ = {isa = PBXBuildFile; fileRef = 50ED5FBE2CFFA8A900137B05 /* RepositoriesListRouter.swift */; };
		50ED5FC22CFFAB6700137B05 /* TransitionHandler.swift in Sources */ = {isa = PBXBuildFile; fileRef = 50ED5FC12CFFAB6200137B05 /* TransitionHandler.swift */; };
		50ED5FC42CFFAB9800137B05 /* BaseRouter.swift in Sources */ = {isa = PBXBuildFile; fileRef = 50ED5FC32CFFAB9500137B05 /* BaseRouter.swift */; };
		50ED5FCE2D00ED1200137B05 /* PlantListPresenterTests.swift in Sources */ = {isa = PBXBuildFile; fileRef = 50ED5FCA2D00ED1200137B05 /* PlantListPresenterTests.swift */; };
		50ED5FCF2D00ED1200137B05 /* RepositoriesListRouterMock.swift in Sources */ = {isa = PBXBuildFile; fileRef = 50ED5FC72D00ED1200137B05 /* RepositoriesListRouterMock.swift */; };
		50ED5FD02D00ED1200137B05 /* RepositoriesListInteractorMock.swift in Sources */ = {isa = PBXBuildFile; fileRef = 50ED5FC52D00ED1200137B05 /* RepositoriesListInteractorMock.swift */; };
		50ED5FD12D00ED1200137B05 /* RepositoriesListViewMock.swift in Sources */ = {isa = PBXBuildFile; fileRef = 50ED5FC62D00ED1200137B05 /* RepositoriesListViewMock.swift */; };
		50ED5FD82D00F4DD00137B05 /* RepositoryEditingPresenterTests.swift in Sources */ = {isa = PBXBuildFile; fileRef = 50ED5FD62D00F4DD00137B05 /* RepositoryEditingPresenterTests.swift */; };
		50ED5FDA2D00F4DD00137B05 /* RepositoryEditingInteractorMock.swift in Sources */ = {isa = PBXBuildFile; fileRef = 50ED5FD22D00F4DD00137B05 /* RepositoryEditingInteractorMock.swift */; };
		50ED5FDB2D00F4DD00137B05 /* RepositoryEditingViewMock.swift in Sources */ = {isa = PBXBuildFile; fileRef = 50ED5FD32D00F4DD00137B05 /* RepositoryEditingViewMock.swift */; };
		50ED5FDD2D00F6A200137B05 /* RepositoryEditingModuleOutputMock.swift in Sources */ = {isa = PBXBuildFile; fileRef = 50ED5FDC2D00F6A200137B05 /* RepositoryEditingModuleOutputMock.swift */; };
		50ED5FDF2D00FA2000137B05 /* UIViewController+Ext.swift in Sources */ = {isa = PBXBuildFile; fileRef = 50ED5FDE2D00FA1A00137B05 /* UIViewController+Ext.swift */; };
/* End PBXBuildFile section */

/* Begin PBXContainerItemProxy section */
		501FCC092CFCCF8A00C4BD2E /* PBXContainerItemProxy */ = {
			isa = PBXContainerItemProxy;
			containerPortal = 501FCBEA2CFCCF8700C4BD2E /* Project object */;
			proxyType = 1;
			remoteGlobalIDString = 501FCBF12CFCCF8700C4BD2E;
			remoteInfo = VkContest;
		};
/* End PBXContainerItemProxy section */

/* Begin PBXFileReference section */
		501FCBF22CFCCF8700C4BD2E /* VkContest.app */ = {isa = PBXFileReference; explicitFileType = wrapper.application; includeInIndex = 0; path = VkContest.app; sourceTree = BUILT_PRODUCTS_DIR; };
		501FCBF52CFCCF8700C4BD2E /* AppDelegate.swift */ = {isa = PBXFileReference; lastKnownFileType = sourcecode.swift; path = AppDelegate.swift; sourceTree = "<group>"; };
		501FCBF72CFCCF8700C4BD2E /* SceneDelegate.swift */ = {isa = PBXFileReference; lastKnownFileType = sourcecode.swift; path = SceneDelegate.swift; sourceTree = "<group>"; };
		501FCBF92CFCCF8700C4BD2E /* RepositoryEditingViewController.swift */ = {isa = PBXFileReference; lastKnownFileType = sourcecode.swift; path = RepositoryEditingViewController.swift; sourceTree = "<group>"; };
		501FCBFE2CFCCF8A00C4BD2E /* Assets.xcassets */ = {isa = PBXFileReference; lastKnownFileType = folder.assetcatalog; path = Assets.xcassets; sourceTree = "<group>"; };
		501FCC012CFCCF8A00C4BD2E /* Base */ = {isa = PBXFileReference; lastKnownFileType = file.storyboard; name = Base; path = Base.lproj/LaunchScreen.storyboard; sourceTree = "<group>"; };
		501FCC032CFCCF8A00C4BD2E /* Info.plist */ = {isa = PBXFileReference; lastKnownFileType = text.plist.xml; path = Info.plist; sourceTree = "<group>"; };
		501FCC082CFCCF8A00C4BD2E /* VkContestTests.xctest */ = {isa = PBXFileReference; explicitFileType = wrapper.cfbundle; includeInIndex = 0; path = VkContestTests.xctest; sourceTree = BUILT_PRODUCTS_DIR; };
		501FCC0C2CFCCF8A00C4BD2E /* VkContestTests.swift */ = {isa = PBXFileReference; lastKnownFileType = sourcecode.swift; path = VkContestTests.swift; sourceTree = "<group>"; };
		501FCC2C2CFCD7CD00C4BD2E /* UITableView+Ext.swift */ = {isa = PBXFileReference; lastKnownFileType = sourcecode.swift; path = "UITableView+Ext.swift"; sourceTree = "<group>"; };
		501FCC2E2CFCD8BE00C4BD2E /* RepositoriesListCell.swift */ = {isa = PBXFileReference; lastKnownFileType = sourcecode.swift; path = RepositoriesListCell.swift; sourceTree = "<group>"; };
		501FCC302CFCDD0700C4BD2E /* RepositoriesListPresenter.swift */ = {isa = PBXFileReference; lastKnownFileType = sourcecode.swift; path = RepositoriesListPresenter.swift; sourceTree = "<group>"; };
		501FCC322CFCDE0400C4BD2E /* RepositoriesListInteractor.swift */ = {isa = PBXFileReference; lastKnownFileType = sourcecode.swift; path = RepositoriesListInteractor.swift; sourceTree = "<group>"; };
		501FCC3B2CFCE21A00C4BD2E /* NetworkManager.swift */ = {isa = PBXFileReference; lastKnownFileType = sourcecode.swift; path = NetworkManager.swift; sourceTree = "<group>"; };
		501FCC3E2CFCE48D00C4BD2E /* GitHubApi.swift */ = {isa = PBXFileReference; lastKnownFileType = sourcecode.swift; path = GitHubApi.swift; sourceTree = "<group>"; };
		501FCC422CFCE68300C4BD2E /* RepositoriesListSort.swift */ = {isa = PBXFileReference; lastKnownFileType = sourcecode.swift; path = RepositoriesListSort.swift; sourceTree = "<group>"; };
		501FCC462CFCEB6D00C4BD2E /* ApiRequest.swift */ = {isa = PBXFileReference; lastKnownFileType = sourcecode.swift; path = ApiRequest.swift; sourceTree = "<group>"; };
		501FCC4B2CFCEC3D00C4BD2E /* RepositoriesListResponse.swift */ = {isa = PBXFileReference; lastKnownFileType = sourcecode.swift; path = RepositoriesListResponse.swift; sourceTree = "<group>"; };
		501FCC4D2CFCEC6300C4BD2E /* RepositoryListItem.swift */ = {isa = PBXFileReference; lastKnownFileType = sourcecode.swift; path = RepositoryListItem.swift; sourceTree = "<group>"; };
		501FCC512CFCF50200C4BD2E /* RepositoriesListService.swift */ = {isa = PBXFileReference; lastKnownFileType = sourcecode.swift; path = RepositoriesListService.swift; sourceTree = "<group>"; };
		501FCC532CFCF7B400C4BD2E /* RepositoriesListAssembly.swift */ = {isa = PBXFileReference; lastKnownFileType = sourcecode.swift; path = RepositoriesListAssembly.swift; sourceTree = "<group>"; };
		50ED5FA82CFF7DC400137B05 /* RepositoriesListStorage.swift */ = {isa = PBXFileReference; lastKnownFileType = sourcecode.swift; path = RepositoriesListStorage.swift; sourceTree = "<group>"; };
		50ED5FAA2CFF7E0C00137B05 /* RepositoriesListPage.swift */ = {isa = PBXFileReference; lastKnownFileType = sourcecode.swift; path = RepositoriesListPage.swift; sourceTree = "<group>"; };
		50ED5FAC2CFF9E7400137B05 /* RepositoryEditingInteractor.swift */ = {isa = PBXFileReference; lastKnownFileType = sourcecode.swift; path = RepositoryEditingInteractor.swift; sourceTree = "<group>"; };
		50ED5FAE2CFF9E7400137B05 /* RepositoryEditingPresenter.swift */ = {isa = PBXFileReference; lastKnownFileType = sourcecode.swift; path = RepositoryEditingPresenter.swift; sourceTree = "<group>"; };
		50ED5FB02CFF9E7400137B05 /* RepositoriesListViewController.swift */ = {isa = PBXFileReference; lastKnownFileType = sourcecode.swift; path = RepositoriesListViewController.swift; sourceTree = "<group>"; };
		50ED5FB32CFF9E7400137B05 /* RepositoryEditingAssembly.swift */ = {isa = PBXFileReference; lastKnownFileType = sourcecode.swift; path = RepositoryEditingAssembly.swift; sourceTree = "<group>"; };
		50ED5FBB2CFFA29100137B05 /* TextField.swift */ = {isa = PBXFileReference; lastKnownFileType = sourcecode.swift; path = TextField.swift; sourceTree = "<group>"; };
		50ED5FBE2CFFA8A900137B05 /* RepositoriesListRouter.swift */ = {isa = PBXFileReference; lastKnownFileType = sourcecode.swift; path = RepositoriesListRouter.swift; sourceTree = "<group>"; };
		50ED5FC12CFFAB6200137B05 /* TransitionHandler.swift */ = {isa = PBXFileReference; lastKnownFileType = sourcecode.swift; path = TransitionHandler.swift; sourceTree = "<group>"; };
		50ED5FC32CFFAB9500137B05 /* BaseRouter.swift */ = {isa = PBXFileReference; lastKnownFileType = sourcecode.swift; path = BaseRouter.swift; sourceTree = "<group>"; };
		50ED5FC52D00ED1200137B05 /* RepositoriesListInteractorMock.swift */ = {isa = PBXFileReference; lastKnownFileType = sourcecode.swift; path = RepositoriesListInteractorMock.swift; sourceTree = "<group>"; };
		50ED5FC62D00ED1200137B05 /* RepositoriesListViewMock.swift */ = {isa = PBXFileReference; lastKnownFileType = sourcecode.swift; path = RepositoriesListViewMock.swift; sourceTree = "<group>"; };
		50ED5FC72D00ED1200137B05 /* RepositoriesListRouterMock.swift */ = {isa = PBXFileReference; lastKnownFileType = sourcecode.swift; path = RepositoriesListRouterMock.swift; sourceTree = "<group>"; };
		50ED5FCA2D00ED1200137B05 /* PlantListPresenterTests.swift */ = {isa = PBXFileReference; lastKnownFileType = sourcecode.swift; path = PlantListPresenterTests.swift; sourceTree = "<group>"; };
		50ED5FD22D00F4DD00137B05 /* RepositoryEditingInteractorMock.swift */ = {isa = PBXFileReference; lastKnownFileType = sourcecode.swift; path = RepositoryEditingInteractorMock.swift; sourceTree = "<group>"; };
		50ED5FD32D00F4DD00137B05 /* RepositoryEditingViewMock.swift */ = {isa = PBXFileReference; lastKnownFileType = sourcecode.swift; path = RepositoryEditingViewMock.swift; sourceTree = "<group>"; };
		50ED5FD62D00F4DD00137B05 /* RepositoryEditingPresenterTests.swift */ = {isa = PBXFileReference; lastKnownFileType = sourcecode.swift; path = RepositoryEditingPresenterTests.swift; sourceTree = "<group>"; };
		50ED5FDC2D00F6A200137B05 /* RepositoryEditingModuleOutputMock.swift */ = {isa = PBXFileReference; lastKnownFileType = sourcecode.swift; path = RepositoryEditingModuleOutputMock.swift; sourceTree = "<group>"; };
		50ED5FDE2D00FA1A00137B05 /* UIViewController+Ext.swift */ = {isa = PBXFileReference; lastKnownFileType = sourcecode.swift; path = "UIViewController+Ext.swift"; sourceTree = "<group>"; };
/* End PBXFileReference section */

/* Begin PBXFrameworksBuildPhase section */
		501FCBEF2CFCCF8700C4BD2E /* Frameworks */ = {
			isa = PBXFrameworksBuildPhase;
			buildActionMask = 2147483647;
			files = (
				501FCC572CFCFAAC00C4BD2E /* AlamofireNetworkActivityLogger in Frameworks */,
				501FCC362CFCDF5D00C4BD2E /* Kingfisher in Frameworks */,
				501FCC392CFCE12500C4BD2E /* Alamofire in Frameworks */,
			);
			runOnlyForDeploymentPostprocessing = 0;
		};
		501FCC052CFCCF8A00C4BD2E /* Frameworks */ = {
			isa = PBXFrameworksBuildPhase;
			buildActionMask = 2147483647;
			files = (
			);
			runOnlyForDeploymentPostprocessing = 0;
		};
/* End PBXFrameworksBuildPhase section */

/* Begin PBXGroup section */
		501FCBE92CFCCF8700C4BD2E = {
			isa = PBXGroup;
			children = (
				501FCBF42CFCCF8700C4BD2E /* VkContest */,
				501FCC0B2CFCCF8A00C4BD2E /* VkContestTests */,
				501FCBF32CFCCF8700C4BD2E /* Products */,
			);
			sourceTree = "<group>";
		};
		501FCBF32CFCCF8700C4BD2E /* Products */ = {
			isa = PBXGroup;
			children = (
				501FCBF22CFCCF8700C4BD2E /* VkContest.app */,
				501FCC082CFCCF8A00C4BD2E /* VkContestTests.xctest */,
			);
			name = Products;
			sourceTree = "<group>";
		};
		501FCBF42CFCCF8700C4BD2E /* VkContest */ = {
			isa = PBXGroup;
			children = (
				50ED5FC02CFFAB5A00137B05 /* Utils */,
				50ED5FA62CFF7DA500137B05 /* Storages */,
				501FCC4F2CFCF4DA00C4BD2E /* Services */,
				501FCC402CFCE65E00C4BD2E /* Models */,
				501FCC3A2CFCE20900C4BD2E /* Networking */,
				501FCC2B2CFCD7BF00C4BD2E /* Extensions */,
				501FCC252CFCD43300C4BD2E /* Presentation */,
				501FCBF52CFCCF8700C4BD2E /* AppDelegate.swift */,
				501FCBF72CFCCF8700C4BD2E /* SceneDelegate.swift */,
				501FCBFE2CFCCF8A00C4BD2E /* Assets.xcassets */,
				501FCC002CFCCF8A00C4BD2E /* LaunchScreen.storyboard */,
				501FCC032CFCCF8A00C4BD2E /* Info.plist */,
			);
			path = VkContest;
			sourceTree = "<group>";
		};
		501FCC0B2CFCCF8A00C4BD2E /* VkContestTests */ = {
			isa = PBXGroup;
			children = (
				50ED5FCC2D00ED1200137B05 /* Presentation */,
				501FCC0C2CFCCF8A00C4BD2E /* VkContestTests.swift */,
			);
			path = VkContestTests;
			sourceTree = "<group>";
		};
		501FCC252CFCD43300C4BD2E /* Presentation */ = {
			isa = PBXGroup;
			children = (
				50ED5FB52CFF9E7400137B05 /* RepositoryEditing */,
				501FCC262CFCD44F00C4BD2E /* RepositoriesList */,
			);
			path = Presentation;
			sourceTree = "<group>";
		};
		501FCC262CFCD44F00C4BD2E /* RepositoriesList */ = {
			isa = PBXGroup;
			children = (
				50ED5FBD2CFFA8A200137B05 /* Router */,
				501FCC2A2CFCD47800C4BD2E /* Interactor */,
				501FCC292CFCD47300C4BD2E /* Presenter */,
				501FCC282CFCD46D00C4BD2E /* View */,
				501FCC272CFCD46500C4BD2E /* Assembly */,
			);
			path = RepositoriesList;
			sourceTree = "<group>";
		};
		501FCC272CFCD46500C4BD2E /* Assembly */ = {
			isa = PBXGroup;
			children = (
				501FCC532CFCF7B400C4BD2E /* RepositoriesListAssembly.swift */,
			);
			path = Assembly;
			sourceTree = "<group>";
		};
		501FCC282CFCD46D00C4BD2E /* View */ = {
			isa = PBXGroup;
			children = (
				50ED5FB02CFF9E7400137B05 /* RepositoriesListViewController.swift */,
				501FCC2E2CFCD8BE00C4BD2E /* RepositoriesListCell.swift */,
			);
			path = View;
			sourceTree = "<group>";
		};
		501FCC292CFCD47300C4BD2E /* Presenter */ = {
			isa = PBXGroup;
			children = (
				501FCC302CFCDD0700C4BD2E /* RepositoriesListPresenter.swift */,
			);
			path = Presenter;
			sourceTree = "<group>";
		};
		501FCC2A2CFCD47800C4BD2E /* Interactor */ = {
			isa = PBXGroup;
			children = (
				501FCC322CFCDE0400C4BD2E /* RepositoriesListInteractor.swift */,
			);
			path = Interactor;
			sourceTree = "<group>";
		};
		501FCC2B2CFCD7BF00C4BD2E /* Extensions */ = {
			isa = PBXGroup;
			children = (
				50ED5FDE2D00FA1A00137B05 /* UIViewController+Ext.swift */,
				501FCC2C2CFCD7CD00C4BD2E /* UITableView+Ext.swift */,
			);
			path = Extensions;
			sourceTree = "<group>";
		};
		501FCC3A2CFCE20900C4BD2E /* Networking */ = {
			isa = PBXGroup;
			children = (
				501FCC4A2CFCEC2D00C4BD2E /* Responses */,
				501FCC3D2CFCE3F800C4BD2E /* Api */,
				501FCC3B2CFCE21A00C4BD2E /* NetworkManager.swift */,
			);
			path = Networking;
			sourceTree = "<group>";
		};
		501FCC3D2CFCE3F800C4BD2E /* Api */ = {
			isa = PBXGroup;
			children = (
				501FCC3E2CFCE48D00C4BD2E /* GitHubApi.swift */,
				501FCC462CFCEB6D00C4BD2E /* ApiRequest.swift */,
			);
			path = Api;
			sourceTree = "<group>";
		};
		501FCC402CFCE65E00C4BD2E /* Models */ = {
			isa = PBXGroup;
			children = (
				501FCC412CFCE67200C4BD2E /* RepositoriesList */,
			);
			path = Models;
			sourceTree = "<group>";
		};
		501FCC412CFCE67200C4BD2E /* RepositoriesList */ = {
			isa = PBXGroup;
			children = (
				501FCC422CFCE68300C4BD2E /* RepositoriesListSort.swift */,
				501FCC4D2CFCEC6300C4BD2E /* RepositoryListItem.swift */,
				50ED5FAA2CFF7E0C00137B05 /* RepositoriesListPage.swift */,
			);
			path = RepositoriesList;
			sourceTree = "<group>";
		};
		501FCC4A2CFCEC2D00C4BD2E /* Responses */ = {
			isa = PBXGroup;
			children = (
				501FCC4B2CFCEC3D00C4BD2E /* RepositoriesListResponse.swift */,
			);
			path = Responses;
			sourceTree = "<group>";
		};
		501FCC4F2CFCF4DA00C4BD2E /* Services */ = {
			isa = PBXGroup;
			children = (
				501FCC502CFCF4EB00C4BD2E /* RepositoriesList */,
			);
			path = Services;
			sourceTree = "<group>";
		};
		501FCC502CFCF4EB00C4BD2E /* RepositoriesList */ = {
			isa = PBXGroup;
			children = (
				501FCC512CFCF50200C4BD2E /* RepositoriesListService.swift */,
			);
			path = RepositoriesList;
			sourceTree = "<group>";
		};
		50ED5FA62CFF7DA500137B05 /* Storages */ = {
			isa = PBXGroup;
			children = (
				50ED5FA72CFF7DAC00137B05 /* RepositoriesList */,
			);
			path = Storages;
			sourceTree = "<group>";
		};
		50ED5FA72CFF7DAC00137B05 /* RepositoriesList */ = {
			isa = PBXGroup;
			children = (
				50ED5FA82CFF7DC400137B05 /* RepositoriesListStorage.swift */,
			);
			path = RepositoriesList;
			sourceTree = "<group>";
		};
		50ED5FAD2CFF9E7400137B05 /* Interactor */ = {
			isa = PBXGroup;
			children = (
				50ED5FAC2CFF9E7400137B05 /* RepositoryEditingInteractor.swift */,
			);
			path = Interactor;
			sourceTree = "<group>";
		};
		50ED5FAF2CFF9E7400137B05 /* Presenter */ = {
			isa = PBXGroup;
			children = (
				50ED5FAE2CFF9E7400137B05 /* RepositoryEditingPresenter.swift */,
			);
			path = Presenter;
			sourceTree = "<group>";
		};
		50ED5FB22CFF9E7400137B05 /* View */ = {
			isa = PBXGroup;
			children = (
				501FCBF92CFCCF8700C4BD2E /* RepositoryEditingViewController.swift */,
				50ED5FBB2CFFA29100137B05 /* TextField.swift */,
			);
			path = View;
			sourceTree = "<group>";
		};
		50ED5FB42CFF9E7400137B05 /* Assembly */ = {
			isa = PBXGroup;
			children = (
				50ED5FB32CFF9E7400137B05 /* RepositoryEditingAssembly.swift */,
			);
			path = Assembly;
			sourceTree = "<group>";
		};
		50ED5FB52CFF9E7400137B05 /* RepositoryEditing */ = {
			isa = PBXGroup;
			children = (
				50ED5FAD2CFF9E7400137B05 /* Interactor */,
				50ED5FAF2CFF9E7400137B05 /* Presenter */,
				50ED5FB22CFF9E7400137B05 /* View */,
				50ED5FB42CFF9E7400137B05 /* Assembly */,
			);
			path = RepositoryEditing;
			sourceTree = "<group>";
		};
		50ED5FBD2CFFA8A200137B05 /* Router */ = {
			isa = PBXGroup;
			children = (
				50ED5FBE2CFFA8A900137B05 /* RepositoriesListRouter.swift */,
			);
			path = Router;
			sourceTree = "<group>";
		};
		50ED5FC02CFFAB5A00137B05 /* Utils */ = {
			isa = PBXGroup;
			children = (
				50ED5FC32CFFAB9500137B05 /* BaseRouter.swift */,
				50ED5FC12CFFAB6200137B05 /* TransitionHandler.swift */,
			);
			path = Utils;
			sourceTree = "<group>";
		};
		50ED5FC92D00ED1200137B05 /* Mocks */ = {
			isa = PBXGroup;
			children = (
				50ED5FC52D00ED1200137B05 /* RepositoriesListInteractorMock.swift */,
				50ED5FC62D00ED1200137B05 /* RepositoriesListViewMock.swift */,
				50ED5FC72D00ED1200137B05 /* RepositoriesListRouterMock.swift */,
			);
			path = Mocks;
			sourceTree = "<group>";
		};
		50ED5FCB2D00ED1200137B05 /* RepositoriesList */ = {
			isa = PBXGroup;
			children = (
				50ED5FC92D00ED1200137B05 /* Mocks */,
				50ED5FCA2D00ED1200137B05 /* PlantListPresenterTests.swift */,
			);
			path = RepositoriesList;
			sourceTree = "<group>";
		};
		50ED5FCC2D00ED1200137B05 /* Presentation */ = {
			isa = PBXGroup;
			children = (
				50ED5FD72D00F4DD00137B05 /* RepositoryEditing */,
				50ED5FCB2D00ED1200137B05 /* RepositoriesList */,
			);
			path = Presentation;
			sourceTree = "<group>";
		};
		50ED5FD52D00F4DD00137B05 /* Mocks */ = {
			isa = PBXGroup;
			children = (
				50ED5FDC2D00F6A200137B05 /* RepositoryEditingModuleOutputMock.swift */,
				50ED5FD22D00F4DD00137B05 /* RepositoryEditingInteractorMock.swift */,
				50ED5FD32D00F4DD00137B05 /* RepositoryEditingViewMock.swift */,
			);
			path = Mocks;
			sourceTree = "<group>";
		};
		50ED5FD72D00F4DD00137B05 /* RepositoryEditing */ = {
			isa = PBXGroup;
			children = (
				50ED5FD52D00F4DD00137B05 /* Mocks */,
				50ED5FD62D00F4DD00137B05 /* RepositoryEditingPresenterTests.swift */,
			);
			path = RepositoryEditing;
			sourceTree = "<group>";
		};
/* End PBXGroup section */

/* Begin PBXNativeTarget section */
		501FCBF12CFCCF8700C4BD2E /* VkContest */ = {
			isa = PBXNativeTarget;
			buildConfigurationList = 501FCC1C2CFCCF8A00C4BD2E /* Build configuration list for PBXNativeTarget "VkContest" */;
			buildPhases = (
				501FCBEE2CFCCF8700C4BD2E /* Sources */,
				501FCBEF2CFCCF8700C4BD2E /* Frameworks */,
				501FCBF02CFCCF8700C4BD2E /* Resources */,
			);
			buildRules = (
			);
			dependencies = (
			);
			name = VkContest;
			packageProductDependencies = (
				501FCC352CFCDF5D00C4BD2E /* Kingfisher */,
				501FCC382CFCE12500C4BD2E /* Alamofire */,
				501FCC562CFCFAAC00C4BD2E /* AlamofireNetworkActivityLogger */,
			);
			productName = VkContest;
			productReference = 501FCBF22CFCCF8700C4BD2E /* VkContest.app */;
			productType = "com.apple.product-type.application";
		};
		501FCC072CFCCF8A00C4BD2E /* VkContestTests */ = {
			isa = PBXNativeTarget;
			buildConfigurationList = 501FCC1F2CFCCF8A00C4BD2E /* Build configuration list for PBXNativeTarget "VkContestTests" */;
			buildPhases = (
				501FCC042CFCCF8A00C4BD2E /* Sources */,
				501FCC052CFCCF8A00C4BD2E /* Frameworks */,
				501FCC062CFCCF8A00C4BD2E /* Resources */,
			);
			buildRules = (
			);
			dependencies = (
				501FCC0A2CFCCF8A00C4BD2E /* PBXTargetDependency */,
			);
			name = VkContestTests;
			productName = VkContestTests;
			productReference = 501FCC082CFCCF8A00C4BD2E /* VkContestTests.xctest */;
			productType = "com.apple.product-type.bundle.unit-test";
		};
/* End PBXNativeTarget section */

/* Begin PBXProject section */
		501FCBEA2CFCCF8700C4BD2E /* Project object */ = {
			isa = PBXProject;
			attributes = {
				BuildIndependentTargetsInParallel = 1;
				LastSwiftUpdateCheck = 1540;
				LastUpgradeCheck = 1540;
				TargetAttributes = {
					501FCBF12CFCCF8700C4BD2E = {
						CreatedOnToolsVersion = 15.4;
					};
					501FCC072CFCCF8A00C4BD2E = {
						CreatedOnToolsVersion = 15.4;
						TestTargetID = 501FCBF12CFCCF8700C4BD2E;
					};
				};
			};
			buildConfigurationList = 501FCBED2CFCCF8700C4BD2E /* Build configuration list for PBXProject "VkContest" */;
			compatibilityVersion = "Xcode 14.0";
			developmentRegion = en;
			hasScannedForEncodings = 0;
			knownRegions = (
				en,
				Base,
			);
			mainGroup = 501FCBE92CFCCF8700C4BD2E;
			packageReferences = (
				501FCC342CFCDF5D00C4BD2E /* XCRemoteSwiftPackageReference "Kingfisher" */,
				501FCC372CFCE12500C4BD2E /* XCRemoteSwiftPackageReference "Alamofire" */,
				501FCC552CFCFAAC00C4BD2E /* XCRemoteSwiftPackageReference "AlamofireNetworkActivityLogger" */,
			);
			productRefGroup = 501FCBF32CFCCF8700C4BD2E /* Products */;
			projectDirPath = "";
			projectRoot = "";
			targets = (
				501FCBF12CFCCF8700C4BD2E /* VkContest */,
				501FCC072CFCCF8A00C4BD2E /* VkContestTests */,
			);
		};
/* End PBXProject section */

/* Begin PBXResourcesBuildPhase section */
		501FCBF02CFCCF8700C4BD2E /* Resources */ = {
			isa = PBXResourcesBuildPhase;
			buildActionMask = 2147483647;
			files = (
				501FCBFF2CFCCF8A00C4BD2E /* Assets.xcassets in Resources */,
				501FCC022CFCCF8A00C4BD2E /* Base in Resources */,
			);
			runOnlyForDeploymentPostprocessing = 0;
		};
		501FCC062CFCCF8A00C4BD2E /* Resources */ = {
			isa = PBXResourcesBuildPhase;
			buildActionMask = 2147483647;
			files = (
			);
			runOnlyForDeploymentPostprocessing = 0;
		};
/* End PBXResourcesBuildPhase section */

/* Begin PBXSourcesBuildPhase section */
		501FCBEE2CFCCF8700C4BD2E /* Sources */ = {
			isa = PBXSourcesBuildPhase;
			buildActionMask = 2147483647;
			files = (
				501FCBFA2CFCCF8700C4BD2E /* RepositoryEditingViewController.swift in Sources */,
				50ED5FA92CFF7DD300137B05 /* RepositoriesListStorage.swift in Sources */,
				50ED5FBF2CFFA8B100137B05 /* RepositoriesListRouter.swift in Sources */,
				50ED5FBC2CFFA29100137B05 /* TextField.swift in Sources */,
				501FCC522CFCF50200C4BD2E /* RepositoriesListService.swift in Sources */,
				501FCC2D2CFCD7CD00C4BD2E /* UITableView+Ext.swift in Sources */,
				501FCC472CFCEB6D00C4BD2E /* ApiRequest.swift in Sources */,
				501FCBF62CFCCF8700C4BD2E /* AppDelegate.swift in Sources */,
				501FCC4C2CFCEC3D00C4BD2E /* RepositoriesListResponse.swift in Sources */,
				501FCC432CFCE68300C4BD2E /* RepositoriesListSort.swift in Sources */,
				501FCC542CFCF7B400C4BD2E /* RepositoriesListAssembly.swift in Sources */,
				50ED5FC22CFFAB6700137B05 /* TransitionHandler.swift in Sources */,
				501FCC332CFCDE0400C4BD2E /* RepositoriesListInteractor.swift in Sources */,
				50ED5FB92CFF9E7400137B05 /* RepositoryEditingPresenter.swift in Sources */,
				501FCC3C2CFCE21A00C4BD2E /* NetworkManager.swift in Sources */,
				501FCC4E2CFCEC6300C4BD2E /* RepositoryListItem.swift in Sources */,
				50ED5FB82CFF9E7400137B05 /* RepositoryEditingInteractor.swift in Sources */,
				50ED5FB72CFF9E7400137B05 /* RepositoryEditingAssembly.swift in Sources */,
				50ED5FB62CFF9E7400137B05 /* RepositoriesListViewController.swift in Sources */,
				501FCBF82CFCCF8700C4BD2E /* SceneDelegate.swift in Sources */,
				50ED5FAB2CFF7E0C00137B05 /* RepositoriesListPage.swift in Sources */,
				501FCC3F2CFCE48D00C4BD2E /* GitHubApi.swift in Sources */,
				50ED5FDF2D00FA2000137B05 /* UIViewController+Ext.swift in Sources */,
				50ED5FC42CFFAB9800137B05 /* BaseRouter.swift in Sources */,
				501FCC312CFCDD0700C4BD2E /* RepositoriesListPresenter.swift in Sources */,
				501FCC2F2CFCD8BE00C4BD2E /* RepositoriesListCell.swift in Sources */,
			);
			runOnlyForDeploymentPostprocessing = 0;
		};
		501FCC042CFCCF8A00C4BD2E /* Sources */ = {
			isa = PBXSourcesBuildPhase;
			buildActionMask = 2147483647;
			files = (
				50ED5FDA2D00F4DD00137B05 /* RepositoryEditingInteractorMock.swift in Sources */,
				50ED5FCE2D00ED1200137B05 /* PlantListPresenterTests.swift in Sources */,
				50ED5FCF2D00ED1200137B05 /* RepositoriesListRouterMock.swift in Sources */,
				50ED5FD02D00ED1200137B05 /* RepositoriesListInteractorMock.swift in Sources */,
				50ED5FD12D00ED1200137B05 /* RepositoriesListViewMock.swift in Sources */,
				50ED5FD82D00F4DD00137B05 /* RepositoryEditingPresenterTests.swift in Sources */,
				501FCC0D2CFCCF8A00C4BD2E /* VkContestTests.swift in Sources */,
				50ED5FDD2D00F6A200137B05 /* RepositoryEditingModuleOutputMock.swift in Sources */,
				50ED5FDB2D00F4DD00137B05 /* RepositoryEditingViewMock.swift in Sources */,
			);
			runOnlyForDeploymentPostprocessing = 0;
		};
/* End PBXSourcesBuildPhase section */

/* Begin PBXTargetDependency section */
		501FCC0A2CFCCF8A00C4BD2E /* PBXTargetDependency */ = {
			isa = PBXTargetDependency;
			target = 501FCBF12CFCCF8700C4BD2E /* VkContest */;
			targetProxy = 501FCC092CFCCF8A00C4BD2E /* PBXContainerItemProxy */;
		};
/* End PBXTargetDependency section */

/* Begin PBXVariantGroup section */
		501FCC002CFCCF8A00C4BD2E /* LaunchScreen.storyboard */ = {
			isa = PBXVariantGroup;
			children = (
				501FCC012CFCCF8A00C4BD2E /* Base */,
			);
			name = LaunchScreen.storyboard;
			sourceTree = "<group>";
		};
/* End PBXVariantGroup section */

/* Begin XCBuildConfiguration section */
		501FCC1A2CFCCF8A00C4BD2E /* Debug */ = {
			isa = XCBuildConfiguration;
			buildSettings = {
				ALWAYS_SEARCH_USER_PATHS = NO;
				ASSETCATALOG_COMPILER_GENERATE_SWIFT_ASSET_SYMBOL_EXTENSIONS = YES;
				CLANG_ANALYZER_NONNULL = YES;
				CLANG_ANALYZER_NUMBER_OBJECT_CONVERSION = YES_AGGRESSIVE;
				CLANG_CXX_LANGUAGE_STANDARD = "gnu++20";
				CLANG_ENABLE_MODULES = YES;
				CLANG_ENABLE_OBJC_ARC = YES;
				CLANG_ENABLE_OBJC_WEAK = YES;
				CLANG_WARN_BLOCK_CAPTURE_AUTORELEASING = YES;
				CLANG_WARN_BOOL_CONVERSION = YES;
				CLANG_WARN_COMMA = YES;
				CLANG_WARN_CONSTANT_CONVERSION = YES;
				CLANG_WARN_DEPRECATED_OBJC_IMPLEMENTATIONS = YES;
				CLANG_WARN_DIRECT_OBJC_ISA_USAGE = YES_ERROR;
				CLANG_WARN_DOCUMENTATION_COMMENTS = YES;
				CLANG_WARN_EMPTY_BODY = YES;
				CLANG_WARN_ENUM_CONVERSION = YES;
				CLANG_WARN_INFINITE_RECURSION = YES;
				CLANG_WARN_INT_CONVERSION = YES;
				CLANG_WARN_NON_LITERAL_NULL_CONVERSION = YES;
				CLANG_WARN_OBJC_IMPLICIT_RETAIN_SELF = YES;
				CLANG_WARN_OBJC_LITERAL_CONVERSION = YES;
				CLANG_WARN_OBJC_ROOT_CLASS = YES_ERROR;
				CLANG_WARN_QUOTED_INCLUDE_IN_FRAMEWORK_HEADER = YES;
				CLANG_WARN_RANGE_LOOP_ANALYSIS = YES;
				CLANG_WARN_STRICT_PROTOTYPES = YES;
				CLANG_WARN_SUSPICIOUS_MOVE = YES;
				CLANG_WARN_UNGUARDED_AVAILABILITY = YES_AGGRESSIVE;
				CLANG_WARN_UNREACHABLE_CODE = YES;
				CLANG_WARN__DUPLICATE_METHOD_MATCH = YES;
				COPY_PHASE_STRIP = NO;
				DEBUG_INFORMATION_FORMAT = dwarf;
				ENABLE_STRICT_OBJC_MSGSEND = YES;
				ENABLE_TESTABILITY = YES;
				ENABLE_USER_SCRIPT_SANDBOXING = YES;
				GCC_C_LANGUAGE_STANDARD = gnu17;
				GCC_DYNAMIC_NO_PIC = NO;
				GCC_NO_COMMON_BLOCKS = YES;
				GCC_OPTIMIZATION_LEVEL = 0;
				GCC_PREPROCESSOR_DEFINITIONS = (
					"DEBUG=1",
					"$(inherited)",
				);
				GCC_WARN_64_TO_32_BIT_CONVERSION = YES;
				GCC_WARN_ABOUT_RETURN_TYPE = YES_ERROR;
				GCC_WARN_UNDECLARED_SELECTOR = YES;
				GCC_WARN_UNINITIALIZED_AUTOS = YES_AGGRESSIVE;
				GCC_WARN_UNUSED_FUNCTION = YES;
				GCC_WARN_UNUSED_VARIABLE = YES;
				IPHONEOS_DEPLOYMENT_TARGET = 17.5;
				LOCALIZATION_PREFERS_STRING_CATALOGS = YES;
				MTL_ENABLE_DEBUG_INFO = INCLUDE_SOURCE;
				MTL_FAST_MATH = YES;
				ONLY_ACTIVE_ARCH = YES;
				SDKROOT = iphoneos;
				SWIFT_ACTIVE_COMPILATION_CONDITIONS = "DEBUG $(inherited)";
				SWIFT_OPTIMIZATION_LEVEL = "-Onone";
			};
			name = Debug;
		};
		501FCC1B2CFCCF8A00C4BD2E /* Release */ = {
			isa = XCBuildConfiguration;
			buildSettings = {
				ALWAYS_SEARCH_USER_PATHS = NO;
				ASSETCATALOG_COMPILER_GENERATE_SWIFT_ASSET_SYMBOL_EXTENSIONS = YES;
				CLANG_ANALYZER_NONNULL = YES;
				CLANG_ANALYZER_NUMBER_OBJECT_CONVERSION = YES_AGGRESSIVE;
				CLANG_CXX_LANGUAGE_STANDARD = "gnu++20";
				CLANG_ENABLE_MODULES = YES;
				CLANG_ENABLE_OBJC_ARC = YES;
				CLANG_ENABLE_OBJC_WEAK = YES;
				CLANG_WARN_BLOCK_CAPTURE_AUTORELEASING = YES;
				CLANG_WARN_BOOL_CONVERSION = YES;
				CLANG_WARN_COMMA = YES;
				CLANG_WARN_CONSTANT_CONVERSION = YES;
				CLANG_WARN_DEPRECATED_OBJC_IMPLEMENTATIONS = YES;
				CLANG_WARN_DIRECT_OBJC_ISA_USAGE = YES_ERROR;
				CLANG_WARN_DOCUMENTATION_COMMENTS = YES;
				CLANG_WARN_EMPTY_BODY = YES;
				CLANG_WARN_ENUM_CONVERSION = YES;
				CLANG_WARN_INFINITE_RECURSION = YES;
				CLANG_WARN_INT_CONVERSION = YES;
				CLANG_WARN_NON_LITERAL_NULL_CONVERSION = YES;
				CLANG_WARN_OBJC_IMPLICIT_RETAIN_SELF = YES;
				CLANG_WARN_OBJC_LITERAL_CONVERSION = YES;
				CLANG_WARN_OBJC_ROOT_CLASS = YES_ERROR;
				CLANG_WARN_QUOTED_INCLUDE_IN_FRAMEWORK_HEADER = YES;
				CLANG_WARN_RANGE_LOOP_ANALYSIS = YES;
				CLANG_WARN_STRICT_PROTOTYPES = YES;
				CLANG_WARN_SUSPICIOUS_MOVE = YES;
				CLANG_WARN_UNGUARDED_AVAILABILITY = YES_AGGRESSIVE;
				CLANG_WARN_UNREACHABLE_CODE = YES;
				CLANG_WARN__DUPLICATE_METHOD_MATCH = YES;
				COPY_PHASE_STRIP = NO;
				DEBUG_INFORMATION_FORMAT = "dwarf-with-dsym";
				ENABLE_NS_ASSERTIONS = NO;
				ENABLE_STRICT_OBJC_MSGSEND = YES;
				ENABLE_USER_SCRIPT_SANDBOXING = YES;
				GCC_C_LANGUAGE_STANDARD = gnu17;
				GCC_NO_COMMON_BLOCKS = YES;
				GCC_WARN_64_TO_32_BIT_CONVERSION = YES;
				GCC_WARN_ABOUT_RETURN_TYPE = YES_ERROR;
				GCC_WARN_UNDECLARED_SELECTOR = YES;
				GCC_WARN_UNINITIALIZED_AUTOS = YES_AGGRESSIVE;
				GCC_WARN_UNUSED_FUNCTION = YES;
				GCC_WARN_UNUSED_VARIABLE = YES;
				IPHONEOS_DEPLOYMENT_TARGET = 17.5;
				LOCALIZATION_PREFERS_STRING_CATALOGS = YES;
				MTL_ENABLE_DEBUG_INFO = NO;
				MTL_FAST_MATH = YES;
				SDKROOT = iphoneos;
				SWIFT_COMPILATION_MODE = wholemodule;
				VALIDATE_PRODUCT = YES;
			};
			name = Release;
		};
		501FCC1D2CFCCF8A00C4BD2E /* Debug */ = {
			isa = XCBuildConfiguration;
			buildSettings = {
				ASSETCATALOG_COMPILER_APPICON_NAME = AppIcon;
				ASSETCATALOG_COMPILER_GLOBAL_ACCENT_COLOR_NAME = AccentColor;
				CODE_SIGN_STYLE = Automatic;
				CURRENT_PROJECT_VERSION = 1;
				DEVELOPMENT_TEAM = UNSZ2ZN94A;
				GENERATE_INFOPLIST_FILE = YES;
				INFOPLIST_FILE = VkContest/Info.plist;
				INFOPLIST_KEY_UIApplicationSupportsIndirectInputEvents = YES;
				INFOPLIST_KEY_UILaunchStoryboardName = LaunchScreen;
				INFOPLIST_KEY_UISupportedInterfaceOrientations_iPad = "UIInterfaceOrientationPortrait UIInterfaceOrientationPortraitUpsideDown UIInterfaceOrientationLandscapeLeft UIInterfaceOrientationLandscapeRight";
				INFOPLIST_KEY_UISupportedInterfaceOrientations_iPhone = "UIInterfaceOrientationPortrait UIInterfaceOrientationLandscapeLeft UIInterfaceOrientationLandscapeRight";
				IPHONEOS_DEPLOYMENT_TARGET = 17.0;
				LD_RUNPATH_SEARCH_PATHS = (
					"$(inherited)",
					"@executable_path/Frameworks",
				);
				MARKETING_VERSION = 1.0;
				PRODUCT_BUNDLE_IDENTIFIER = petProject.VkContest;
				PRODUCT_NAME = "$(TARGET_NAME)";
				SWIFT_EMIT_LOC_STRINGS = YES;
				SWIFT_VERSION = 5.0;
				TARGETED_DEVICE_FAMILY = "1,2";
			};
			name = Debug;
		};
		501FCC1E2CFCCF8A00C4BD2E /* Release */ = {
			isa = XCBuildConfiguration;
			buildSettings = {
				ASSETCATALOG_COMPILER_APPICON_NAME = AppIcon;
				ASSETCATALOG_COMPILER_GLOBAL_ACCENT_COLOR_NAME = AccentColor;
				CODE_SIGN_STYLE = Automatic;
				CURRENT_PROJECT_VERSION = 1;
				DEVELOPMENT_TEAM = UNSZ2ZN94A;
				GENERATE_INFOPLIST_FILE = YES;
				INFOPLIST_FILE = VkContest/Info.plist;
				INFOPLIST_KEY_UIApplicationSupportsIndirectInputEvents = YES;
				INFOPLIST_KEY_UILaunchStoryboardName = LaunchScreen;
				INFOPLIST_KEY_UISupportedInterfaceOrientations_iPad = "UIInterfaceOrientationPortrait UIInterfaceOrientationPortraitUpsideDown UIInterfaceOrientationLandscapeLeft UIInterfaceOrientationLandscapeRight";
				INFOPLIST_KEY_UISupportedInterfaceOrientations_iPhone = "UIInterfaceOrientationPortrait UIInterfaceOrientationLandscapeLeft UIInterfaceOrientationLandscapeRight";
				IPHONEOS_DEPLOYMENT_TARGET = 17.0;
				LD_RUNPATH_SEARCH_PATHS = (
					"$(inherited)",
					"@executable_path/Frameworks",
				);
				MARKETING_VERSION = 1.0;
				PRODUCT_BUNDLE_IDENTIFIER = petProject.VkContest;
				PRODUCT_NAME = "$(TARGET_NAME)";
				SWIFT_EMIT_LOC_STRINGS = YES;
				SWIFT_VERSION = 5.0;
				TARGETED_DEVICE_FAMILY = "1,2";
			};
			name = Release;
		};
		501FCC202CFCCF8A00C4BD2E /* Debug */ = {
			isa = XCBuildConfiguration;
			buildSettings = {
				ALWAYS_EMBED_SWIFT_STANDARD_LIBRARIES = YES;
				BUNDLE_LOADER = "$(TEST_HOST)";
				CODE_SIGN_STYLE = Automatic;
				CURRENT_PROJECT_VERSION = 1;
				DEVELOPMENT_TEAM = UNSZ2ZN94A;
				GENERATE_INFOPLIST_FILE = YES;
				IPHONEOS_DEPLOYMENT_TARGET = 17.5;
				MARKETING_VERSION = 1.0;
				PRODUCT_BUNDLE_IDENTIFIER = petProject.VkContestTests;
				PRODUCT_NAME = "$(TARGET_NAME)";
				SWIFT_EMIT_LOC_STRINGS = NO;
				SWIFT_VERSION = 5.0;
				TARGETED_DEVICE_FAMILY = "1,2";
				TEST_HOST = "$(BUILT_PRODUCTS_DIR)/VkContest.app/$(BUNDLE_EXECUTABLE_FOLDER_PATH)/VkContest";
			};
			name = Debug;
		};
		501FCC212CFCCF8A00C4BD2E /* Release */ = {
			isa = XCBuildConfiguration;
			buildSettings = {
				ALWAYS_EMBED_SWIFT_STANDARD_LIBRARIES = YES;
				BUNDLE_LOADER = "$(TEST_HOST)";
				CODE_SIGN_STYLE = Automatic;
				CURRENT_PROJECT_VERSION = 1;
				DEVELOPMENT_TEAM = UNSZ2ZN94A;
				GENERATE_INFOPLIST_FILE = YES;
				IPHONEOS_DEPLOYMENT_TARGET = 17.5;
				MARKETING_VERSION = 1.0;
				PRODUCT_BUNDLE_IDENTIFIER = petProject.VkContestTests;
				PRODUCT_NAME = "$(TARGET_NAME)";
				SWIFT_EMIT_LOC_STRINGS = NO;
				SWIFT_VERSION = 5.0;
				TARGETED_DEVICE_FAMILY = "1,2";
				TEST_HOST = "$(BUILT_PRODUCTS_DIR)/VkContest.app/$(BUNDLE_EXECUTABLE_FOLDER_PATH)/VkContest";
			};
			name = Release;
		};
/* End XCBuildConfiguration section */

/* Begin XCConfigurationList section */
		501FCBED2CFCCF8700C4BD2E /* Build configuration list for PBXProject "VkContest" */ = {
			isa = XCConfigurationList;
			buildConfigurations = (
				501FCC1A2CFCCF8A00C4BD2E /* Debug */,
				501FCC1B2CFCCF8A00C4BD2E /* Release */,
			);
			defaultConfigurationIsVisible = 0;
			defaultConfigurationName = Release;
		};
		501FCC1C2CFCCF8A00C4BD2E /* Build configuration list for PBXNativeTarget "VkContest" */ = {
			isa = XCConfigurationList;
			buildConfigurations = (
				501FCC1D2CFCCF8A00C4BD2E /* Debug */,
				501FCC1E2CFCCF8A00C4BD2E /* Release */,
			);
			defaultConfigurationIsVisible = 0;
			defaultConfigurationName = Release;
		};
		501FCC1F2CFCCF8A00C4BD2E /* Build configuration list for PBXNativeTarget "VkContestTests" */ = {
			isa = XCConfigurationList;
			buildConfigurations = (
				501FCC202CFCCF8A00C4BD2E /* Debug */,
				501FCC212CFCCF8A00C4BD2E /* Release */,
			);
			defaultConfigurationIsVisible = 0;
			defaultConfigurationName = Release;
		};
/* End XCConfigurationList section */

/* Begin XCRemoteSwiftPackageReference section */
		501FCC342CFCDF5D00C4BD2E /* XCRemoteSwiftPackageReference "Kingfisher" */ = {
			isa = XCRemoteSwiftPackageReference;
			repositoryURL = "https://github.com/onevcat/Kingfisher.git";
			requirement = {
				kind = upToNextMajorVersion;
				minimumVersion = 8.1.1;
			};
		};
		501FCC372CFCE12500C4BD2E /* XCRemoteSwiftPackageReference "Alamofire" */ = {
			isa = XCRemoteSwiftPackageReference;
			repositoryURL = "https://github.com/Alamofire/Alamofire.git";
			requirement = {
				kind = upToNextMajorVersion;
				minimumVersion = 5.10.2;
			};
		};
		501FCC552CFCFAAC00C4BD2E /* XCRemoteSwiftPackageReference "AlamofireNetworkActivityLogger" */ = {
			isa = XCRemoteSwiftPackageReference;
			repositoryURL = "https://github.com/konkab/AlamofireNetworkActivityLogger.git";
			requirement = {
				kind = upToNextMajorVersion;
				minimumVersion = 3.4.0;
			};
		};
/* End XCRemoteSwiftPackageReference section */

/* Begin XCSwiftPackageProductDependency section */
		501FCC352CFCDF5D00C4BD2E /* Kingfisher */ = {
			isa = XCSwiftPackageProductDependency;
			package = 501FCC342CFCDF5D00C4BD2E /* XCRemoteSwiftPackageReference "Kingfisher" */;
			productName = Kingfisher;
		};
		501FCC382CFCE12500C4BD2E /* Alamofire */ = {
			isa = XCSwiftPackageProductDependency;
			package = 501FCC372CFCE12500C4BD2E /* XCRemoteSwiftPackageReference "Alamofire" */;
			productName = Alamofire;
		};
		501FCC562CFCFAAC00C4BD2E /* AlamofireNetworkActivityLogger */ = {
			isa = XCSwiftPackageProductDependency;
			package = 501FCC552CFCFAAC00C4BD2E /* XCRemoteSwiftPackageReference "AlamofireNetworkActivityLogger" */;
			productName = AlamofireNetworkActivityLogger;
		};
/* End XCSwiftPackageProductDependency section */
	};
	rootObject = 501FCBEA2CFCCF8700C4BD2E /* Project object */;
}
